
Microsoft Visual Studio Solution File, Format Version 12.00
# Visual Studio Version 16
VisualStudioVersion = 16.0.31911.196
MinimumVisualStudioVersion = 10.0.40219.1
Project("{9A19103F-16F7-4668-BE54-9A1E7A4F7556}") = "N5PermisosUsuario", "N5PermisosUsuario.csproj", "{5CD16071-3EFD-461E-B65F-AC5B6DABEABE}"
EndProject
Project("{FAE04EC0-301F-11D3-BF4B-00C04F79EFBC}") = "N5PermisosUsuario.Domain", "..\N5PermisosUsuario.Domain\N5PermisosUsuario.Domain.csproj", "{AE4BCC9E-612C-4D45-80DC-8D9C37ECC657}"
EndProject
Project("{FAE04EC0-301F-11D3-BF4B-00C04F79EFBC}") = "N5PermisosUsuario.Repository", "..\N5PermisosUsuario.Repository\N5PermisosUsuario.Repository.csproj", "{130BE23F-5D3D-4651-8B8B-985942593A42}"
EndProject
Global
	GlobalSection(SolutionConfigurationPlatforms) = preSolution
		Debug|Any CPU = Debug|Any CPU
		Release|Any CPU = Release|Any CPU
	EndGlobalSection
	GlobalSection(ProjectConfigurationPlatforms) = postSolution
		{5CD16071-3EFD-461E-B65F-AC5B6DABEABE}.Debug|Any CPU.ActiveCfg = Debug|Any CPU
		{5CD16071-3EFD-461E-B65F-AC5B6DABEABE}.Debug|Any CPU.Build.0 = Debug|Any CPU
		{5CD16071-3EFD-461E-B65F-AC5B6DABEABE}.Release|Any CPU.ActiveCfg = Release|Any CPU
		{5CD16071-3EFD-461E-B65F-AC5B6DABEABE}.Release|Any CPU.Build.0 = Release|Any CPU
		{AE4BCC9E-612C-4D45-80DC-8D9C37ECC657}.Debug|Any CPU.ActiveCfg = Debug|Any CPU
		{AE4BCC9E-612C-4D45-80DC-8D9C37ECC657}.Debug|Any CPU.Build.0 = Debug|Any CPU
		{AE4BCC9E-612C-4D45-80DC-8D9C37ECC657}.Release|Any CPU.ActiveCfg = Release|Any CPU
		{AE4BCC9E-612C-4D45-80DC-8D9C37ECC657}.Release|Any CPU.Build.0 = Release|Any CPU
		{130BE23F-5D3D-4651-8B8B-985942593A42}.Debug|Any CPU.ActiveCfg = Debug|Any CPU
		{130BE23F-5D3D-4651-8B8B-985942593A42}.Debug|Any CPU.Build.0 = Debug|Any CPU
		{130BE23F-5D3D-4651-8B8B-985942593A42}.Release|Any CPU.ActiveCfg = Release|Any CPU
		{130BE23F-5D3D-4651-8B8B-985942593A42}.Release|Any CPU.Build.0 = Release|Any CPU
	EndGlobalSection
	GlobalSection(SolutionProperties) = preSolution
		HideSolutionNode = FALSE
	EndGlobalSection
	GlobalSection(ExtensibilityGlobals) = postSolution
		SolutionGuid = {FF9E7F1C-9B5F-46CD-855C-548B87B8E2EF}
	EndGlobalSection
EndGlobal
